# This file was autogenerated by Stack.
# You should not edit this file by hand.
# For more information, please see the documentation at:
#   https://docs.haskellstack.org/en/stable/lock_files

packages:
- completed:
    subdir: tensorflow
    cabal-file:
      size: 3109
      sha256: b5e2a978962e88d06cbe637d9c575918c77bb843db327974ab475bda2e614050
    name: tensorflow
    version: 0.2.0.0
    git: https://github.com/tensorflow/haskell.git
    pantry-tree:
      size: 1208945
      sha256: a4aae9491c0559bb22af2e6f1063eaa00a6dbaa44aa4f0649392a9f145f4846f
    commit: c7426a3f00d959ccff8bd631e34ba4c805f7e654
  original:
    subdir: tensorflow
    git: https://github.com/tensorflow/haskell.git
    commit: c7426a3f00d959ccff8bd631e34ba4c805f7e654
- completed:
    subdir: tensorflow-ops
    cabal-file:
      size: 8651
      sha256: 6811ade97fadc4b0231a5d7d7cf3f11f484b58f36ffe74fa19b3c77f8c8ac7fc
    name: tensorflow-ops
    version: 0.2.0.0
    git: https://github.com/tensorflow/haskell.git
    pantry-tree:
      size: 1535
      sha256: d858a87b2b1de89266bd81293dbf649f600cac032d94978118f9d9a948ac66b3
    commit: c7426a3f00d959ccff8bd631e34ba4c805f7e654
  original:
    subdir: tensorflow-ops
    git: https://github.com/tensorflow/haskell.git
    commit: c7426a3f00d959ccff8bd631e34ba4c805f7e654
- completed:
    subdir: tensorflow-core-ops
    cabal-file:
      size: 1264
      sha256: a124c7264fe65e54fe1b3296a2d7347af5e97222437b54241c7ed8497188737c
    name: tensorflow-core-ops
    version: 0.2.0.0
    git: https://github.com/tensorflow/haskell.git
    pantry-tree:
      size: 166
      sha256: a7cf875fb667aef28f1f86137c0b9d54332313a12aadbc9bb75e1f8264fcc83c
    commit: c7426a3f00d959ccff8bd631e34ba4c805f7e654
  original:
    subdir: tensorflow-core-ops
    git: https://github.com/tensorflow/haskell.git
    commit: c7426a3f00d959ccff8bd631e34ba4c805f7e654
- completed:
    subdir: tensorflow-logging
    cabal-file:
      size: 2081
      sha256: 0a5aabdab31a01ab33d95bdf85658efed03b3855ceea19a8030432c45e48d713
    name: tensorflow-logging
    version: 0.2.0.0
    git: https://github.com/tensorflow/haskell.git
    pantry-tree:
      size: 290
      sha256: 5cb5e460a0d98ec51f5b10e5586dd2b0a02007291b40ab324788137909bb818c
    commit: c7426a3f00d959ccff8bd631e34ba4c805f7e654
  original:
    subdir: tensorflow-logging
    git: https://github.com/tensorflow/haskell.git
    commit: c7426a3f00d959ccff8bd631e34ba4c805f7e654
- completed:
    subdir: tensorflow-proto
    cabal-file:
      size: 6766
      sha256: ee0aaba7360b90bcfe1be52054100209f0f5a3781aa4b550a6e9d0a651f63fa5
    name: tensorflow-proto
    version: 0.2.0.0
    git: https://github.com/tensorflow/haskell.git
    pantry-tree:
      size: 1334021
      sha256: ffbaaa1a465eda79618aab88a5b0d406982b89da19d4bff185cf384fbd09b308
    commit: c7426a3f00d959ccff8bd631e34ba4c805f7e654
  original:
    subdir: tensorflow-proto
    git: https://github.com/tensorflow/haskell.git
    commit: c7426a3f00d959ccff8bd631e34ba4c805f7e654
- completed:
    subdir: tensorflow-opgen
    cabal-file:
      size: 1129
      sha256: 25c73d85efd365ebc949671857b0848ea9ec149ac79704fda15374cd79814fa0
    name: tensorflow-opgen
    version: 0.2.0.0
    git: https://github.com/tensorflow/haskell.git
    pantry-tree:
      size: 1208166
      sha256: e4ad55ea66cb571bde589f5b7fc858a73ada291481688e56270ae87bcb1ebe3f
    commit: c7426a3f00d959ccff8bd631e34ba4c805f7e654
  original:
    subdir: tensorflow-opgen
    git: https://github.com/tensorflow/haskell.git
    commit: c7426a3f00d959ccff8bd631e34ba4c805f7e654
- completed:
    subdir: tensorflow-test
    cabal-file:
      size: 874
      sha256: 2ed6a843ee02bc396a9d0c904a60b2b05e3b40818f5d84da71efb712b2607fe6
    name: tensorflow-test
    version: 0.1.0.0
    git: https://github.com/tensorflow/haskell.git
    pantry-tree:
      size: 222
      sha256: 00b11e018a42f4c9c42f9af4b155c6d6d84be90ffc57ba6e7958cefead8f8596
    commit: c7426a3f00d959ccff8bd631e34ba4c805f7e654
  original:
    subdir: tensorflow-test
    git: https://github.com/tensorflow/haskell.git
    commit: c7426a3f00d959ccff8bd631e34ba4c805f7e654
- completed:
    subdir: tensorflow-mnist
    cabal-file:
      size: 2419
      sha256: d0beee0ab052e284a22c228eed8cea443bd9fd5265412c1b47c0e76de7933553
    name: tensorflow-mnist
    version: 0.1.0.0
    git: https://github.com/tensorflow/haskell.git
    pantry-tree:
      size: 616
      sha256: 91de1f09b6deea3a8c8f991309a18603b05b21f13f464e314ed8f1fd490c64c9
    commit: c7426a3f00d959ccff8bd631e34ba4c805f7e654
  original:
    subdir: tensorflow-mnist
    git: https://github.com/tensorflow/haskell.git
    commit: c7426a3f00d959ccff8bd631e34ba4c805f7e654
- completed:
    subdir: tensorflow-mnist-input-data
    cabal-file:
      size: 1279
      sha256: 73ea804a27304c9895b1d9e1e4576a073dc4efdd81f326220a7445c56e25d677
    name: tensorflow-mnist-input-data
    version: 0.1.0.0
    git: https://github.com/tensorflow/haskell.git
    pantry-tree:
      size: 329
      sha256: 0192fb1ee9ba862491ca0dad4368f41c7a8d6ad9b07f93be4365296c54c0726f
    commit: c7426a3f00d959ccff8bd631e34ba4c805f7e654
  original:
    subdir: tensorflow-mnist-input-data
    git: https://github.com/tensorflow/haskell.git
    commit: c7426a3f00d959ccff8bd631e34ba4c805f7e654
snapshots:
- completed:
    size: 509471
    url: https://raw.githubusercontent.com/commercialhaskell/stackage-snapshots/master/lts/12/26.yaml
    sha256: 95f014df58d0679b1c4a2b7bf2b652b61da8d30de5f571abb0d59015ef678646
  original: lts-12.26
